
Microsoft Visual Studio Solution File, Format Version 12.00
# Visual Studio Version 16
VisualStudioVersion = 16.0.30114.105
MinimumVisualStudioVersion = 10.0.40219.1
Project("{FAE04EC0-301F-11D3-BF4B-00C04F79EFBC}") = "R5T.T0111.X0001", "R5T.T0111.X0001\R5T.T0111.X0001.csproj", "{DD23DC13-7D40-4F8B-9950-D94B5E344963}"
EndProject
Project("{FAE04EC0-301F-11D3-BF4B-00C04F79EFBC}") = "R5T.T0111.X0001.Construction", "R5T.T0111.X0001.Construction\R5T.T0111.X0001.Construction.csproj", "{CD7AC28C-3C4F-43B6-B36E-7E9C90DED962}"
EndProject
Global
	GlobalSection(SolutionConfigurationPlatforms) = preSolution
		Debug|Any CPU = Debug|Any CPU
		Debug|x64 = Debug|x64
		Debug|x86 = Debug|x86
		Release|Any CPU = Release|Any CPU
		Release|x64 = Release|x64
		Release|x86 = Release|x86
	EndGlobalSection
	GlobalSection(SolutionProperties) = preSolution
		HideSolutionNode = FALSE
	EndGlobalSection
	GlobalSection(ProjectConfigurationPlatforms) = postSolution
		{DD23DC13-7D40-4F8B-9950-D94B5E344963}.Debug|Any CPU.ActiveCfg = Debug|Any CPU
		{DD23DC13-7D40-4F8B-9950-D94B5E344963}.Debug|Any CPU.Build.0 = Debug|Any CPU
		{DD23DC13-7D40-4F8B-9950-D94B5E344963}.Debug|x64.ActiveCfg = Debug|Any CPU
		{DD23DC13-7D40-4F8B-9950-D94B5E344963}.Debug|x64.Build.0 = Debug|Any CPU
		{DD23DC13-7D40-4F8B-9950-D94B5E344963}.Debug|x86.ActiveCfg = Debug|Any CPU
		{DD23DC13-7D40-4F8B-9950-D94B5E344963}.Debug|x86.Build.0 = Debug|Any CPU
		{DD23DC13-7D40-4F8B-9950-D94B5E344963}.Release|Any CPU.ActiveCfg = Release|Any CPU
		{DD23DC13-7D40-4F8B-9950-D94B5E344963}.Release|Any CPU.Build.0 = Release|Any CPU
		{DD23DC13-7D40-4F8B-9950-D94B5E344963}.Release|x64.ActiveCfg = Release|Any CPU
		{DD23DC13-7D40-4F8B-9950-D94B5E344963}.Release|x64.Build.0 = Release|Any CPU
		{DD23DC13-7D40-4F8B-9950-D94B5E344963}.Release|x86.ActiveCfg = Release|Any CPU
		{DD23DC13-7D40-4F8B-9950-D94B5E344963}.Release|x86.Build.0 = Release|Any CPU
		{CD7AC28C-3C4F-43B6-B36E-7E9C90DED962}.Debug|Any CPU.ActiveCfg = Debug|Any CPU
		{CD7AC28C-3C4F-43B6-B36E-7E9C90DED962}.Debug|Any CPU.Build.0 = Debug|Any CPU
		{CD7AC28C-3C4F-43B6-B36E-7E9C90DED962}.Debug|x64.ActiveCfg = Debug|Any CPU
		{CD7AC28C-3C4F-43B6-B36E-7E9C90DED962}.Debug|x64.Build.0 = Debug|Any CPU
		{CD7AC28C-3C4F-43B6-B36E-7E9C90DED962}.Debug|x86.ActiveCfg = Debug|Any CPU
		{CD7AC28C-3C4F-43B6-B36E-7E9C90DED962}.Debug|x86.Build.0 = Debug|Any CPU
		{CD7AC28C-3C4F-43B6-B36E-7E9C90DED962}.Release|Any CPU.ActiveCfg = Release|Any CPU
		{CD7AC28C-3C4F-43B6-B36E-7E9C90DED962}.Release|Any CPU.Build.0 = Release|Any CPU
		{CD7AC28C-3C4F-43B6-B36E-7E9C90DED962}.Release|x64.ActiveCfg = Release|Any CPU
		{CD7AC28C-3C4F-43B6-B36E-7E9C90DED962}.Release|x64.Build.0 = Release|Any CPU
		{CD7AC28C-3C4F-43B6-B36E-7E9C90DED962}.Release|x86.ActiveCfg = Release|Any CPU
		{CD7AC28C-3C4F-43B6-B36E-7E9C90DED962}.Release|x86.Build.0 = Release|Any CPU
	EndGlobalSection
EndGlobal
