
Microsoft Visual Studio Solution File, Format Version 12.00
# Visual Studio Version 16
VisualStudioVersion = 16.6.30114.105
MinimumVisualStudioVersion = 10.0.40219.1
Project("{9A19103F-16F7-4668-BE54-9A1E7A4F7556}") = "R5T.T0111.X0001", "R5T.T0111.X0001\R5T.T0111.X0001.csproj", "{449F4892-D547-41D5-AC15-123ACB07BFAD}"
EndProject
Project("{2150E333-8FDC-42A3-9474-1A3956D46DE8}") = "_Dependencies", "_Dependencies", "{961A3BE1-20CC-45A5-8295-C7B5F14AA7DE}"
EndProject
Project("{9A19103F-16F7-4668-BE54-9A1E7A4F7556}") = "R5T.T0111", "..\..\R5T.T0111\source\R5T.T0111\R5T.T0111.csproj", "{6A96FC70-B2A2-46E4-986F-1F1C4D7BB1D6}"
EndProject
Project("{9A19103F-16F7-4668-BE54-9A1E7A4F7556}") = "R5T.D0078.Base", "..\..\R5T.D0078\source\R5T.D0078.Base\R5T.D0078.Base.csproj", "{38E2CC48-7610-4AB1-AD61-4B32AAD23CA6}"
EndProject
Project("{9A19103F-16F7-4668-BE54-9A1E7A4F7556}") = "R5T.D0079.Base", "..\..\R5T.D0079\source\R5T.D0079.Base\R5T.D0079.Base.csproj", "{0F364AC0-3B69-4AD4-81CF-712BFBC2C4EA}"
EndProject
Project("{9A19103F-16F7-4668-BE54-9A1E7A4F7556}") = "R5T.T0110.X001", "..\..\R5T.T0110\source\R5T.T0110.X001\R5T.T0110.X001.csproj", "{5F08C876-6DC7-47A3-A863-7EB25FAC55AD}"
EndProject
Project("{9A19103F-16F7-4668-BE54-9A1E7A4F7556}") = "R5T.T0041.X002", "..\..\R5T.T0041\source\R5T.T0041.X002\R5T.T0041.X002.csproj", "{F37D3926-DC7E-4A65-9BE3-7F82D44D7E81}"
EndProject
Project("{9A19103F-16F7-4668-BE54-9A1E7A4F7556}") = "R5T.T0040.X0001", "..\..\R5T.T0040.X0001\source\R5T.T0040.X0001\R5T.T0040.X0001.csproj", "{09FE6D46-5804-4EEA-A9FC-BF6CFDB57B67}"
EndProject
Project("{9A19103F-16F7-4668-BE54-9A1E7A4F7556}") = "R5T.T0112.X0001", "..\..\R5T.T0112.X0001\source\R5T.T0112.X0001\R5T.T0112.X0001.csproj", "{9C5E1619-6592-4764-A7F7-199D27D8A1F6}"
EndProject
Project("{9A19103F-16F7-4668-BE54-9A1E7A4F7556}") = "R5T.T0113.X0001", "..\..\R5T.T0113.X0001\source\R5T.T0113.X0001\R5T.T0113.X0001.csproj", "{84E1D8A4-43CF-4D9D-BE40-81395F5E3DDD}"
EndProject
Global
	GlobalSection(SolutionConfigurationPlatforms) = preSolution
		Debug|Any CPU = Debug|Any CPU
		Debug|x64 = Debug|x64
		Debug|x86 = Debug|x86
		Release|Any CPU = Release|Any CPU
		Release|x64 = Release|x64
		Release|x86 = Release|x86
	EndGlobalSection
	GlobalSection(ProjectConfigurationPlatforms) = postSolution
		{449F4892-D547-41D5-AC15-123ACB07BFAD}.Debug|Any CPU.ActiveCfg = Debug|Any CPU
		{449F4892-D547-41D5-AC15-123ACB07BFAD}.Debug|Any CPU.Build.0 = Debug|Any CPU
		{449F4892-D547-41D5-AC15-123ACB07BFAD}.Debug|x64.ActiveCfg = Debug|Any CPU
		{449F4892-D547-41D5-AC15-123ACB07BFAD}.Debug|x64.Build.0 = Debug|Any CPU
		{449F4892-D547-41D5-AC15-123ACB07BFAD}.Debug|x86.ActiveCfg = Debug|Any CPU
		{449F4892-D547-41D5-AC15-123ACB07BFAD}.Debug|x86.Build.0 = Debug|Any CPU
		{449F4892-D547-41D5-AC15-123ACB07BFAD}.Release|Any CPU.ActiveCfg = Release|Any CPU
		{449F4892-D547-41D5-AC15-123ACB07BFAD}.Release|Any CPU.Build.0 = Release|Any CPU
		{449F4892-D547-41D5-AC15-123ACB07BFAD}.Release|x64.ActiveCfg = Release|Any CPU
		{449F4892-D547-41D5-AC15-123ACB07BFAD}.Release|x64.Build.0 = Release|Any CPU
		{449F4892-D547-41D5-AC15-123ACB07BFAD}.Release|x86.ActiveCfg = Release|Any CPU
		{449F4892-D547-41D5-AC15-123ACB07BFAD}.Release|x86.Build.0 = Release|Any CPU
		{6A96FC70-B2A2-46E4-986F-1F1C4D7BB1D6}.Debug|Any CPU.ActiveCfg = Debug|Any CPU
		{6A96FC70-B2A2-46E4-986F-1F1C4D7BB1D6}.Debug|Any CPU.Build.0 = Debug|Any CPU
		{6A96FC70-B2A2-46E4-986F-1F1C4D7BB1D6}.Debug|x64.ActiveCfg = Debug|Any CPU
		{6A96FC70-B2A2-46E4-986F-1F1C4D7BB1D6}.Debug|x64.Build.0 = Debug|Any CPU
		{6A96FC70-B2A2-46E4-986F-1F1C4D7BB1D6}.Debug|x86.ActiveCfg = Debug|Any CPU
		{6A96FC70-B2A2-46E4-986F-1F1C4D7BB1D6}.Debug|x86.Build.0 = Debug|Any CPU
		{6A96FC70-B2A2-46E4-986F-1F1C4D7BB1D6}.Release|Any CPU.ActiveCfg = Release|Any CPU
		{6A96FC70-B2A2-46E4-986F-1F1C4D7BB1D6}.Release|Any CPU.Build.0 = Release|Any CPU
		{6A96FC70-B2A2-46E4-986F-1F1C4D7BB1D6}.Release|x64.ActiveCfg = Release|Any CPU
		{6A96FC70-B2A2-46E4-986F-1F1C4D7BB1D6}.Release|x64.Build.0 = Release|Any CPU
		{6A96FC70-B2A2-46E4-986F-1F1C4D7BB1D6}.Release|x86.ActiveCfg = Release|Any CPU
		{6A96FC70-B2A2-46E4-986F-1F1C4D7BB1D6}.Release|x86.Build.0 = Release|Any CPU
		{38E2CC48-7610-4AB1-AD61-4B32AAD23CA6}.Debug|Any CPU.ActiveCfg = Debug|Any CPU
		{38E2CC48-7610-4AB1-AD61-4B32AAD23CA6}.Debug|Any CPU.Build.0 = Debug|Any CPU
		{38E2CC48-7610-4AB1-AD61-4B32AAD23CA6}.Debug|x64.ActiveCfg = Debug|Any CPU
		{38E2CC48-7610-4AB1-AD61-4B32AAD23CA6}.Debug|x64.Build.0 = Debug|Any CPU
		{38E2CC48-7610-4AB1-AD61-4B32AAD23CA6}.Debug|x86.ActiveCfg = Debug|Any CPU
		{38E2CC48-7610-4AB1-AD61-4B32AAD23CA6}.Debug|x86.Build.0 = Debug|Any CPU
		{38E2CC48-7610-4AB1-AD61-4B32AAD23CA6}.Release|Any CPU.ActiveCfg = Release|Any CPU
		{38E2CC48-7610-4AB1-AD61-4B32AAD23CA6}.Release|Any CPU.Build.0 = Release|Any CPU
		{38E2CC48-7610-4AB1-AD61-4B32AAD23CA6}.Release|x64.ActiveCfg = Release|Any CPU
		{38E2CC48-7610-4AB1-AD61-4B32AAD23CA6}.Release|x64.Build.0 = Release|Any CPU
		{38E2CC48-7610-4AB1-AD61-4B32AAD23CA6}.Release|x86.ActiveCfg = Release|Any CPU
		{38E2CC48-7610-4AB1-AD61-4B32AAD23CA6}.Release|x86.Build.0 = Release|Any CPU
		{0F364AC0-3B69-4AD4-81CF-712BFBC2C4EA}.Debug|Any CPU.ActiveCfg = Debug|Any CPU
		{0F364AC0-3B69-4AD4-81CF-712BFBC2C4EA}.Debug|Any CPU.Build.0 = Debug|Any CPU
		{0F364AC0-3B69-4AD4-81CF-712BFBC2C4EA}.Debug|x64.ActiveCfg = Debug|Any CPU
		{0F364AC0-3B69-4AD4-81CF-712BFBC2C4EA}.Debug|x64.Build.0 = Debug|Any CPU
		{0F364AC0-3B69-4AD4-81CF-712BFBC2C4EA}.Debug|x86.ActiveCfg = Debug|Any CPU
		{0F364AC0-3B69-4AD4-81CF-712BFBC2C4EA}.Debug|x86.Build.0 = Debug|Any CPU
		{0F364AC0-3B69-4AD4-81CF-712BFBC2C4EA}.Release|Any CPU.ActiveCfg = Release|Any CPU
		{0F364AC0-3B69-4AD4-81CF-712BFBC2C4EA}.Release|Any CPU.Build.0 = Release|Any CPU
		{0F364AC0-3B69-4AD4-81CF-712BFBC2C4EA}.Release|x64.ActiveCfg = Release|Any CPU
		{0F364AC0-3B69-4AD4-81CF-712BFBC2C4EA}.Release|x64.Build.0 = Release|Any CPU
		{0F364AC0-3B69-4AD4-81CF-712BFBC2C4EA}.Release|x86.ActiveCfg = Release|Any CPU
		{0F364AC0-3B69-4AD4-81CF-712BFBC2C4EA}.Release|x86.Build.0 = Release|Any CPU
		{5F08C876-6DC7-47A3-A863-7EB25FAC55AD}.Debug|Any CPU.ActiveCfg = Debug|Any CPU
		{5F08C876-6DC7-47A3-A863-7EB25FAC55AD}.Debug|Any CPU.Build.0 = Debug|Any CPU
		{5F08C876-6DC7-47A3-A863-7EB25FAC55AD}.Debug|x64.ActiveCfg = Debug|Any CPU
		{5F08C876-6DC7-47A3-A863-7EB25FAC55AD}.Debug|x64.Build.0 = Debug|Any CPU
		{5F08C876-6DC7-47A3-A863-7EB25FAC55AD}.Debug|x86.ActiveCfg = Debug|Any CPU
		{5F08C876-6DC7-47A3-A863-7EB25FAC55AD}.Debug|x86.Build.0 = Debug|Any CPU
		{5F08C876-6DC7-47A3-A863-7EB25FAC55AD}.Release|Any CPU.ActiveCfg = Release|Any CPU
		{5F08C876-6DC7-47A3-A863-7EB25FAC55AD}.Release|Any CPU.Build.0 = Release|Any CPU
		{5F08C876-6DC7-47A3-A863-7EB25FAC55AD}.Release|x64.ActiveCfg = Release|Any CPU
		{5F08C876-6DC7-47A3-A863-7EB25FAC55AD}.Release|x64.Build.0 = Release|Any CPU
		{5F08C876-6DC7-47A3-A863-7EB25FAC55AD}.Release|x86.ActiveCfg = Release|Any CPU
		{5F08C876-6DC7-47A3-A863-7EB25FAC55AD}.Release|x86.Build.0 = Release|Any CPU
		{F37D3926-DC7E-4A65-9BE3-7F82D44D7E81}.Debug|Any CPU.ActiveCfg = Debug|Any CPU
		{F37D3926-DC7E-4A65-9BE3-7F82D44D7E81}.Debug|Any CPU.Build.0 = Debug|Any CPU
		{F37D3926-DC7E-4A65-9BE3-7F82D44D7E81}.Debug|x64.ActiveCfg = Debug|Any CPU
		{F37D3926-DC7E-4A65-9BE3-7F82D44D7E81}.Debug|x64.Build.0 = Debug|Any CPU
		{F37D3926-DC7E-4A65-9BE3-7F82D44D7E81}.Debug|x86.ActiveCfg = Debug|Any CPU
		{F37D3926-DC7E-4A65-9BE3-7F82D44D7E81}.Debug|x86.Build.0 = Debug|Any CPU
		{F37D3926-DC7E-4A65-9BE3-7F82D44D7E81}.Release|Any CPU.ActiveCfg = Release|Any CPU
		{F37D3926-DC7E-4A65-9BE3-7F82D44D7E81}.Release|Any CPU.Build.0 = Release|Any CPU
		{F37D3926-DC7E-4A65-9BE3-7F82D44D7E81}.Release|x64.ActiveCfg = Release|Any CPU
		{F37D3926-DC7E-4A65-9BE3-7F82D44D7E81}.Release|x64.Build.0 = Release|Any CPU
		{F37D3926-DC7E-4A65-9BE3-7F82D44D7E81}.Release|x86.ActiveCfg = Release|Any CPU
		{F37D3926-DC7E-4A65-9BE3-7F82D44D7E81}.Release|x86.Build.0 = Release|Any CPU
		{09FE6D46-5804-4EEA-A9FC-BF6CFDB57B67}.Debug|Any CPU.ActiveCfg = Debug|Any CPU
		{09FE6D46-5804-4EEA-A9FC-BF6CFDB57B67}.Debug|Any CPU.Build.0 = Debug|Any CPU
		{09FE6D46-5804-4EEA-A9FC-BF6CFDB57B67}.Debug|x64.ActiveCfg = Debug|Any CPU
		{09FE6D46-5804-4EEA-A9FC-BF6CFDB57B67}.Debug|x64.Build.0 = Debug|Any CPU
		{09FE6D46-5804-4EEA-A9FC-BF6CFDB57B67}.Debug|x86.ActiveCfg = Debug|Any CPU
		{09FE6D46-5804-4EEA-A9FC-BF6CFDB57B67}.Debug|x86.Build.0 = Debug|Any CPU
		{09FE6D46-5804-4EEA-A9FC-BF6CFDB57B67}.Release|Any CPU.ActiveCfg = Release|Any CPU
		{09FE6D46-5804-4EEA-A9FC-BF6CFDB57B67}.Release|Any CPU.Build.0 = Release|Any CPU
		{09FE6D46-5804-4EEA-A9FC-BF6CFDB57B67}.Release|x64.ActiveCfg = Release|Any CPU
		{09FE6D46-5804-4EEA-A9FC-BF6CFDB57B67}.Release|x64.Build.0 = Release|Any CPU
		{09FE6D46-5804-4EEA-A9FC-BF6CFDB57B67}.Release|x86.ActiveCfg = Release|Any CPU
		{09FE6D46-5804-4EEA-A9FC-BF6CFDB57B67}.Release|x86.Build.0 = Release|Any CPU
		{9C5E1619-6592-4764-A7F7-199D27D8A1F6}.Debug|Any CPU.ActiveCfg = Debug|Any CPU
		{9C5E1619-6592-4764-A7F7-199D27D8A1F6}.Debug|Any CPU.Build.0 = Debug|Any CPU
		{9C5E1619-6592-4764-A7F7-199D27D8A1F6}.Debug|x64.ActiveCfg = Debug|Any CPU
		{9C5E1619-6592-4764-A7F7-199D27D8A1F6}.Debug|x64.Build.0 = Debug|Any CPU
		{9C5E1619-6592-4764-A7F7-199D27D8A1F6}.Debug|x86.ActiveCfg = Debug|Any CPU
		{9C5E1619-6592-4764-A7F7-199D27D8A1F6}.Debug|x86.Build.0 = Debug|Any CPU
		{9C5E1619-6592-4764-A7F7-199D27D8A1F6}.Release|Any CPU.ActiveCfg = Release|Any CPU
		{9C5E1619-6592-4764-A7F7-199D27D8A1F6}.Release|Any CPU.Build.0 = Release|Any CPU
		{9C5E1619-6592-4764-A7F7-199D27D8A1F6}.Release|x64.ActiveCfg = Release|Any CPU
		{9C5E1619-6592-4764-A7F7-199D27D8A1F6}.Release|x64.Build.0 = Release|Any CPU
		{9C5E1619-6592-4764-A7F7-199D27D8A1F6}.Release|x86.ActiveCfg = Release|Any CPU
		{9C5E1619-6592-4764-A7F7-199D27D8A1F6}.Release|x86.Build.0 = Release|Any CPU
		{84E1D8A4-43CF-4D9D-BE40-81395F5E3DDD}.Debug|Any CPU.ActiveCfg = Debug|Any CPU
		{84E1D8A4-43CF-4D9D-BE40-81395F5E3DDD}.Debug|Any CPU.Build.0 = Debug|Any CPU
		{84E1D8A4-43CF-4D9D-BE40-81395F5E3DDD}.Debug|x64.ActiveCfg = Debug|Any CPU
		{84E1D8A4-43CF-4D9D-BE40-81395F5E3DDD}.Debug|x64.Build.0 = Debug|Any CPU
		{84E1D8A4-43CF-4D9D-BE40-81395F5E3DDD}.Debug|x86.ActiveCfg = Debug|Any CPU
		{84E1D8A4-43CF-4D9D-BE40-81395F5E3DDD}.Debug|x86.Build.0 = Debug|Any CPU
		{84E1D8A4-43CF-4D9D-BE40-81395F5E3DDD}.Release|Any CPU.ActiveCfg = Release|Any CPU
		{84E1D8A4-43CF-4D9D-BE40-81395F5E3DDD}.Release|Any CPU.Build.0 = Release|Any CPU
		{84E1D8A4-43CF-4D9D-BE40-81395F5E3DDD}.Release|x64.ActiveCfg = Release|Any CPU
		{84E1D8A4-43CF-4D9D-BE40-81395F5E3DDD}.Release|x64.Build.0 = Release|Any CPU
		{84E1D8A4-43CF-4D9D-BE40-81395F5E3DDD}.Release|x86.ActiveCfg = Release|Any CPU
		{84E1D8A4-43CF-4D9D-BE40-81395F5E3DDD}.Release|x86.Build.0 = Release|Any CPU
	EndGlobalSection
	GlobalSection(SolutionProperties) = preSolution
		HideSolutionNode = FALSE
	EndGlobalSection
	GlobalSection(NestedProjects) = preSolution
		{6A96FC70-B2A2-46E4-986F-1F1C4D7BB1D6} = {961A3BE1-20CC-45A5-8295-C7B5F14AA7DE}
		{38E2CC48-7610-4AB1-AD61-4B32AAD23CA6} = {961A3BE1-20CC-45A5-8295-C7B5F14AA7DE}
		{0F364AC0-3B69-4AD4-81CF-712BFBC2C4EA} = {961A3BE1-20CC-45A5-8295-C7B5F14AA7DE}
		{5F08C876-6DC7-47A3-A863-7EB25FAC55AD} = {961A3BE1-20CC-45A5-8295-C7B5F14AA7DE}
		{F37D3926-DC7E-4A65-9BE3-7F82D44D7E81} = {961A3BE1-20CC-45A5-8295-C7B5F14AA7DE}
		{09FE6D46-5804-4EEA-A9FC-BF6CFDB57B67} = {961A3BE1-20CC-45A5-8295-C7B5F14AA7DE}
		{9C5E1619-6592-4764-A7F7-199D27D8A1F6} = {961A3BE1-20CC-45A5-8295-C7B5F14AA7DE}
		{84E1D8A4-43CF-4D9D-BE40-81395F5E3DDD} = {961A3BE1-20CC-45A5-8295-C7B5F14AA7DE}
	EndGlobalSection
	GlobalSection(ExtensibilityGlobals) = postSolution
		SolutionGuid = {C43B34D3-A4D1-42A7-AF97-C9B22ACA7E41}
	EndGlobalSection
EndGlobal
